
Microsoft Visual Studio Solution File, Format Version 12.00
# Visual Studio Version 16
VisualStudioVersion = 16.0.29306.81
MinimumVisualStudioVersion = 10.0.40219.1
Project("{FAE04EC0-301F-11D3-BF4B-00C04F79EFBC}") = "ConsumingRESTServiceCRUD_client", "ConsumingRESTServiceCRUD_client\ConsumingRESTServiceCRUD_client.csproj", "{B8FC89D7-304F-4D46-8C04-F23580F311C7}"
EndProject
Global
	GlobalSection(SolutionConfigurationPlatforms) = preSolution
		Debug|Any CPU = Debug|Any CPU
		Release|Any CPU = Release|Any CPU
	EndGlobalSection
	GlobalSection(ProjectConfigurationPlatforms) = postSolution
		{B8FC89D7-304F-4D46-8C04-F23580F311C7}.Debug|Any CPU.ActiveCfg = Debug|Any CPU
		{B8FC89D7-304F-4D46-8C04-F23580F311C7}.Debug|Any CPU.Build.0 = Debug|Any CPU
		{B8FC89D7-304F-4D46-8C04-F23580F311C7}.Release|Any CPU.ActiveCfg = Release|Any CPU
		{B8FC89D7-304F-4D46-8C04-F23580F311C7}.Release|Any CPU.Build.0 = Release|Any CPU
	EndGlobalSection
	GlobalSection(SolutionProperties) = preSolution
		HideSolutionNode = FALSE
	EndGlobalSection
	GlobalSection(ExtensibilityGlobals) = postSolution
		SolutionGuid = {5BE2BC7A-7E68-4975-BEEE-D99D8580E783}
	EndGlobalSection
EndGlobal
